
Microsoft Visual Studio Solution File, Format Version 12.00
# Visual Studio Version 16
VisualStudioVersion = 16.0.30114.105
MinimumVisualStudioVersion = 10.0.40219.1
Project("{FAE04EC0-301F-11D3-BF4B-00C04F79EFBC}") = "API", "API\API.csproj", "{2793BF87-B793-473C-A613-0CDC38422B20}"
EndProject
Project("{FAE04EC0-301F-11D3-BF4B-00C04F79EFBC}") = "Application", "Application\Application.csproj", "{F2DB4AD4-EB4E-4316-8373-D05AA811B24A}"
EndProject
Project("{FAE04EC0-301F-11D3-BF4B-00C04F79EFBC}") = "Domain", "Domain\Domain.csproj", "{F334504E-FE36-41AF-8E19-095FE8D82F41}"
EndProject
Project("{FAE04EC0-301F-11D3-BF4B-00C04F79EFBC}") = "Persistence", "Persistence\Persistence.csproj", "{CADC4FAD-E96D-4D82-BB69-7679515B96FA}"
EndProject
Global
	GlobalSection(SolutionConfigurationPlatforms) = preSolution
		Debug|Any CPU = Debug|Any CPU
		Debug|x64 = Debug|x64
		Debug|x86 = Debug|x86
		Release|Any CPU = Release|Any CPU
		Release|x64 = Release|x64
		Release|x86 = Release|x86
	EndGlobalSection
	GlobalSection(SolutionProperties) = preSolution
		HideSolutionNode = FALSE
	EndGlobalSection
	GlobalSection(ProjectConfigurationPlatforms) = postSolution
		{2793BF87-B793-473C-A613-0CDC38422B20}.Debug|Any CPU.ActiveCfg = Debug|Any CPU
		{2793BF87-B793-473C-A613-0CDC38422B20}.Debug|Any CPU.Build.0 = Debug|Any CPU
		{2793BF87-B793-473C-A613-0CDC38422B20}.Debug|x64.ActiveCfg = Debug|Any CPU
		{2793BF87-B793-473C-A613-0CDC38422B20}.Debug|x64.Build.0 = Debug|Any CPU
		{2793BF87-B793-473C-A613-0CDC38422B20}.Debug|x86.ActiveCfg = Debug|Any CPU
		{2793BF87-B793-473C-A613-0CDC38422B20}.Debug|x86.Build.0 = Debug|Any CPU
		{2793BF87-B793-473C-A613-0CDC38422B20}.Release|Any CPU.ActiveCfg = Release|Any CPU
		{2793BF87-B793-473C-A613-0CDC38422B20}.Release|Any CPU.Build.0 = Release|Any CPU
		{2793BF87-B793-473C-A613-0CDC38422B20}.Release|x64.ActiveCfg = Release|Any CPU
		{2793BF87-B793-473C-A613-0CDC38422B20}.Release|x64.Build.0 = Release|Any CPU
		{2793BF87-B793-473C-A613-0CDC38422B20}.Release|x86.ActiveCfg = Release|Any CPU
		{2793BF87-B793-473C-A613-0CDC38422B20}.Release|x86.Build.0 = Release|Any CPU
		{F2DB4AD4-EB4E-4316-8373-D05AA811B24A}.Debug|Any CPU.ActiveCfg = Debug|Any CPU
		{F2DB4AD4-EB4E-4316-8373-D05AA811B24A}.Debug|Any CPU.Build.0 = Debug|Any CPU
		{F2DB4AD4-EB4E-4316-8373-D05AA811B24A}.Debug|x64.ActiveCfg = Debug|Any CPU
		{F2DB4AD4-EB4E-4316-8373-D05AA811B24A}.Debug|x64.Build.0 = Debug|Any CPU
		{F2DB4AD4-EB4E-4316-8373-D05AA811B24A}.Debug|x86.ActiveCfg = Debug|Any CPU
		{F2DB4AD4-EB4E-4316-8373-D05AA811B24A}.Debug|x86.Build.0 = Debug|Any CPU
		{F2DB4AD4-EB4E-4316-8373-D05AA811B24A}.Release|Any CPU.ActiveCfg = Release|Any CPU
		{F2DB4AD4-EB4E-4316-8373-D05AA811B24A}.Release|Any CPU.Build.0 = Release|Any CPU
		{F2DB4AD4-EB4E-4316-8373-D05AA811B24A}.Release|x64.ActiveCfg = Release|Any CPU
		{F2DB4AD4-EB4E-4316-8373-D05AA811B24A}.Release|x64.Build.0 = Release|Any CPU
		{F2DB4AD4-EB4E-4316-8373-D05AA811B24A}.Release|x86.ActiveCfg = Release|Any CPU
		{F2DB4AD4-EB4E-4316-8373-D05AA811B24A}.Release|x86.Build.0 = Release|Any CPU
		{F334504E-FE36-41AF-8E19-095FE8D82F41}.Debug|Any CPU.ActiveCfg = Debug|Any CPU
		{F334504E-FE36-41AF-8E19-095FE8D82F41}.Debug|Any CPU.Build.0 = Debug|Any CPU
		{F334504E-FE36-41AF-8E19-095FE8D82F41}.Debug|x64.ActiveCfg = Debug|Any CPU
		{F334504E-FE36-41AF-8E19-095FE8D82F41}.Debug|x64.Build.0 = Debug|Any CPU
		{F334504E-FE36-41AF-8E19-095FE8D82F41}.Debug|x86.ActiveCfg = Debug|Any CPU
		{F334504E-FE36-41AF-8E19-095FE8D82F41}.Debug|x86.Build.0 = Debug|Any CPU
		{F334504E-FE36-41AF-8E19-095FE8D82F41}.Release|Any CPU.ActiveCfg = Release|Any CPU
		{F334504E-FE36-41AF-8E19-095FE8D82F41}.Release|Any CPU.Build.0 = Release|Any CPU
		{F334504E-FE36-41AF-8E19-095FE8D82F41}.Release|x64.ActiveCfg = Release|Any CPU
		{F334504E-FE36-41AF-8E19-095FE8D82F41}.Release|x64.Build.0 = Release|Any CPU
		{F334504E-FE36-41AF-8E19-095FE8D82F41}.Release|x86.ActiveCfg = Release|Any CPU
		{F334504E-FE36-41AF-8E19-095FE8D82F41}.Release|x86.Build.0 = Release|Any CPU
		{CADC4FAD-E96D-4D82-BB69-7679515B96FA}.Debug|Any CPU.ActiveCfg = Debug|Any CPU
		{CADC4FAD-E96D-4D82-BB69-7679515B96FA}.Debug|Any CPU.Build.0 = Debug|Any CPU
		{CADC4FAD-E96D-4D82-BB69-7679515B96FA}.Debug|x64.ActiveCfg = Debug|Any CPU
		{CADC4FAD-E96D-4D82-BB69-7679515B96FA}.Debug|x64.Build.0 = Debug|Any CPU
		{CADC4FAD-E96D-4D82-BB69-7679515B96FA}.Debug|x86.ActiveCfg = Debug|Any CPU
		{CADC4FAD-E96D-4D82-BB69-7679515B96FA}.Debug|x86.Build.0 = Debug|Any CPU
		{CADC4FAD-E96D-4D82-BB69-7679515B96FA}.Release|Any CPU.ActiveCfg = Release|Any CPU
		{CADC4FAD-E96D-4D82-BB69-7679515B96FA}.Release|Any CPU.Build.0 = Release|Any CPU
		{CADC4FAD-E96D-4D82-BB69-7679515B96FA}.Release|x64.ActiveCfg = Release|Any CPU
		{CADC4FAD-E96D-4D82-BB69-7679515B96FA}.Release|x64.Build.0 = Release|Any CPU
		{CADC4FAD-E96D-4D82-BB69-7679515B96FA}.Release|x86.ActiveCfg = Release|Any CPU
		{CADC4FAD-E96D-4D82-BB69-7679515B96FA}.Release|x86.Build.0 = Release|Any CPU
	EndGlobalSection
EndGlobal
